// !$*UTF8*$!
{
	archiveVersion = 1;
	classes = {
	};
	objectVersion = 46;
	objects = {

/* Begin PBXBuildFile section */
		7FE3E2ED21B77C5600222037 /* libstdc++.6.0.9.tbd in Frameworks */ = {isa = PBXBuildFile; fileRef = 7FE3E2EC21B77C5600222037 /* libstdc++.6.0.9.tbd */; };
		7FE3E2EF21B77C6100222037 /* libz.tbd in Frameworks */ = {isa = PBXBuildFile; fileRef = 7FE3E2EE21B77C6100222037 /* libz.tbd */; };
		D4080BF41B68CD6A007402F0 /* main.m in Sources */ = {isa = PBXBuildFile; fileRef = D4080BF31B68CD6A007402F0 /* main.m */; };
		D4080BF71B68CD6A007402F0 /* AppDelegate.m in Sources */ = {isa = PBXBuildFile; fileRef = D4080BF61B68CD6A007402F0 /* AppDelegate.m */; };
		D4080BFA1B68CD6A007402F0 /* ViewController.m in Sources */ = {isa = PBXBuildFile; fileRef = D4080BF91B68CD6A007402F0 /* ViewController.m */; };
		D4080BFD1B68CD6A007402F0 /* Main.storyboard in Resources */ = {isa = PBXBuildFile; fileRef = D4080BFB1B68CD6A007402F0 /* Main.storyboard */; };
		D4080BFF1B68CD6A007402F0 /* Images.xcassets in Resources */ = {isa = PBXBuildFile; fileRef = D4080BFE1B68CD6A007402F0 /* Images.xcassets */; };
		D4080C021B68CD6A007402F0 /* LaunchScreen.xib in Resources */ = {isa = PBXBuildFile; fileRef = D4080C001B68CD6A007402F0 /* LaunchScreen.xib */; };
		D4080C0E1B68CD6B007402F0 /* AMapDemoTests.m in Sources */ = {isa = PBXBuildFile; fileRef = D4080C0D1B68CD6B007402F0 /* AMapDemoTests.m */; };
		D4080C271B68D269007402F0 /* MAMapKit.framework in Frameworks */ = {isa = PBXBuildFile; fileRef = D4080C251B68D269007402F0 /* MAMapKit.framework */; };
		D4080C2F1B68D782007402F0 /* AMap.bundle in Resources */ = {isa = PBXBuildFile; fileRef = D4080C2E1B68D782007402F0 /* AMap.bundle */; };
		D47118EA1B69B35500479663 /* AMapSearchKit.framework in Frameworks */ = {isa = PBXBuildFile; fileRef = D47118E91B69B35500479663 /* AMapSearchKit.framework */; };
/* End PBXBuildFile section */

/* Begin PBXContainerItemProxy section */
		D4080C081B68CD6B007402F0 /* PBXContainerItemProxy */ = {
			isa = PBXContainerItemProxy;
			containerPortal = D4080BE61B68CD6A007402F0 /* Project object */;
			proxyType = 1;
			remoteGlobalIDString = D4080BED1B68CD6A007402F0;
			remoteInfo = AMapDemo;
		};
/* End PBXContainerItemProxy section */

/* Begin PBXFileReference section */
		7FE3E2EC21B77C5600222037 /* libstdc++.6.0.9.tbd */ = {isa = PBXFileReference; lastKnownFileType = "sourcecode.text-based-dylib-definition"; name = "libstdc++.6.0.9.tbd"; path = "usr/lib/libstdc++.6.0.9.tbd"; sourceTree = SDKROOT; };
		7FE3E2EE21B77C6100222037 /* libz.tbd */ = {isa = PBXFileReference; lastKnownFileType = "sourcecode.text-based-dylib-definition"; name = libz.tbd; path = usr/lib/libz.tbd; sourceTree = SDKROOT; };
		D4080BEE1B68CD6A007402F0 /* AMapDemo.app */ = {isa = PBXFileReference; explicitFileType = wrapper.application; includeInIndex = 0; path = AMapDemo.app; sourceTree = BUILT_PRODUCTS_DIR; };
		D4080BF21B68CD6A007402F0 /* Info.plist */ = {isa = PBXFileReference; lastKnownFileType = text.plist.xml; path = Info.plist; sourceTree = "<group>"; };
		D4080BF31B68CD6A007402F0 /* main.m */ = {isa = PBXFileReference; lastKnownFileType = sourcecode.c.objc; path = main.m; sourceTree = "<group>"; };
		D4080BF51B68CD6A007402F0 /* AppDelegate.h */ = {isa = PBXFileReference; lastKnownFileType = sourcecode.c.h; path = AppDelegate.h; sourceTree = "<group>"; };
		D4080BF61B68CD6A007402F0 /* AppDelegate.m */ = {isa = PBXFileReference; lastKnownFileType = sourcecode.c.objc; path = AppDelegate.m; sourceTree = "<group>"; };
		D4080BF81B68CD6A007402F0 /* ViewController.h */ = {isa = PBXFileReference; lastKnownFileType = sourcecode.c.h; path = ViewController.h; sourceTree = "<group>"; };
		D4080BF91B68CD6A007402F0 /* ViewController.m */ = {isa = PBXFileReference; lastKnownFileType = sourcecode.c.objc; path = ViewController.m; sourceTree = "<group>"; };
		D4080BFC1B68CD6A007402F0 /* Base */ = {isa = PBXFileReference; lastKnownFileType = file.storyboard; name = Base; path = Base.lproj/Main.storyboard; sourceTree = "<group>"; };
		D4080BFE1B68CD6A007402F0 /* Images.xcassets */ = {isa = PBXFileReference; lastKnownFileType = folder.assetcatalog; path = Images.xcassets; sourceTree = "<group>"; };
		D4080C011B68CD6A007402F0 /* Base */ = {isa = PBXFileReference; lastKnownFileType = file.xib; name = Base; path = Base.lproj/LaunchScreen.xib; sourceTree = "<group>"; };
		D4080C071B68CD6B007402F0 /* AMapDemoTests.xctest */ = {isa = PBXFileReference; explicitFileType = wrapper.cfbundle; includeInIndex = 0; path = AMapDemoTests.xctest; sourceTree = BUILT_PRODUCTS_DIR; };
		D4080C0C1B68CD6B007402F0 /* Info.plist */ = {isa = PBXFileReference; lastKnownFileType = text.plist.xml; path = Info.plist; sourceTree = "<group>"; };
		D4080C0D1B68CD6B007402F0 /* AMapDemoTests.m */ = {isa = PBXFileReference; lastKnownFileType = sourcecode.c.objc; path = AMapDemoTests.m; sourceTree = "<group>"; };
		D4080C251B68D269007402F0 /* MAMapKit.framework */ = {isa = PBXFileReference; lastKnownFileType = wrapper.framework; name = MAMapKit.framework; path = ../MAMapKit.framework; sourceTree = "<group>"; };
		D4080C2E1B68D782007402F0 /* AMap.bundle */ = {isa = PBXFileReference; lastKnownFileType = "wrapper.plug-in"; path = AMap.bundle; sourceTree = "<group>"; };
		D47118E91B69B35500479663 /* AMapSearchKit.framework */ = {isa = PBXFileReference; lastKnownFileType = wrapper.framework; name = AMapSearchKit.framework; path = ../AMapSearchKit.framework; sourceTree = "<group>"; };
		D47118EB1B69B37800479663 /* libz.dylib */ = {isa = PBXFileReference; lastKnownFileType = "compiled.mach-o.dylib"; name = libz.dylib; path = usr/lib/libz.dylib; sourceTree = SDKROOT; };
		D47118ED1B69B38600479663 /* libstdc++.6.0.9.dylib */ = {isa = PBXFileReference; lastKnownFileType = "compiled.mach-o.dylib"; name = "libstdc++.6.0.9.dylib"; path = "usr/lib/libstdc++.6.0.9.dylib"; sourceTree = SDKROOT; };
/* End PBXFileReference section */

/* Begin PBXFrameworksBuildPhase section */
		D4080BEB1B68CD6A007402F0 /* Frameworks */ = {
			isa = PBXFrameworksBuildPhase;
			buildActionMask = 2147483647;
			files = (
				7FE3E2EF21B77C6100222037 /* libz.tbd in Frameworks */,
				7FE3E2ED21B77C5600222037 /* libstdc++.6.0.9.tbd in Frameworks */,
				D47118EA1B69B35500479663 /* AMapSearchKit.framework in Frameworks */,
				D4080C271B68D269007402F0 /* MAMapKit.framework in Frameworks */,
			);
			runOnlyForDeploymentPostprocessing = 0;
		};
		D4080C041B68CD6B007402F0 /* Frameworks */ = {
			isa = PBXFrameworksBuildPhase;
			buildActionMask = 2147483647;
			files = (
			);
			runOnlyForDeploymentPostprocessing = 0;
		};
/* End PBXFrameworksBuildPhase section */

/* Begin PBXGroup section */
		7FE3E2EB21B77C5600222037 /* Frameworks */ = {
			isa = PBXGroup;
			children = (
				7FE3E2EE21B77C6100222037 /* libz.tbd */,
				7FE3E2EC21B77C5600222037 /* libstdc++.6.0.9.tbd */,
			);
			name = Frameworks;
			sourceTree = "<group>";
		};
		D4080BE51B68CD6A007402F0 = {
			isa = PBXGroup;
			children = (
				D4080BF01B68CD6A007402F0 /* AMapDemo */,
				D4080C1B1B68CF3D007402F0 /* FrameWorks */,
				D4080C0A1B68CD6B007402F0 /* AMapDemoTests */,
				D4080BEF1B68CD6A007402F0 /* Products */,
				7FE3E2EB21B77C5600222037 /* Frameworks */,
			);
			sourceTree = "<group>";
		};
		D4080BEF1B68CD6A007402F0 /* Products */ = {
			isa = PBXGroup;
			children = (
				D4080BEE1B68CD6A007402F0 /* AMapDemo.app */,
				D4080C071B68CD6B007402F0 /* AMapDemoTests.xctest */,
			);
			name = Products;
			sourceTree = "<group>";
		};
		D4080BF01B68CD6A007402F0 /* AMapDemo */ = {
			isa = PBXGroup;
			children = (
				D4080BF51B68CD6A007402F0 /* AppDelegate.h */,
				D4080BF61B68CD6A007402F0 /* AppDelegate.m */,
				D4080BF81B68CD6A007402F0 /* ViewController.h */,
				D4080BF91B68CD6A007402F0 /* ViewController.m */,
				D4080BFB1B68CD6A007402F0 /* Main.storyboard */,
				D4080BFE1B68CD6A007402F0 /* Images.xcassets */,
				D4080C001B68CD6A007402F0 /* LaunchScreen.xib */,
				D4080BF11B68CD6A007402F0 /* Supporting Files */,
			);
			path = AMapDemo;
			sourceTree = "<group>";
		};
		D4080BF11B68CD6A007402F0 /* Supporting Files */ = {
			isa = PBXGroup;
			children = (
				D4080BF21B68CD6A007402F0 /* Info.plist */,
				D4080BF31B68CD6A007402F0 /* main.m */,
			);
			name = "Supporting Files";
			sourceTree = "<group>";
		};
		D4080C0A1B68CD6B007402F0 /* AMapDemoTests */ = {
			isa = PBXGroup;
			children = (
				D4080C0D1B68CD6B007402F0 /* AMapDemoTests.m */,
				D4080C0B1B68CD6B007402F0 /* Supporting Files */,
			);
			path = AMapDemoTests;
			sourceTree = "<group>";
		};
		D4080C0B1B68CD6B007402F0 /* Supporting Files */ = {
			isa = PBXGroup;
			children = (
				D4080C0C1B68CD6B007402F0 /* Info.plist */,
			);
			name = "Supporting Files";
			sourceTree = "<group>";
		};
		D4080C1B1B68CF3D007402F0 /* FrameWorks */ = {
			isa = PBXGroup;
			children = (
				D4080C2E1B68D782007402F0 /* AMap.bundle */,
				D47118ED1B69B38600479663 /* libstdc++.6.0.9.dylib */,
				D47118EB1B69B37800479663 /* libz.dylib */,
				D47118E91B69B35500479663 /* AMapSearchKit.framework */,
				D4080C251B68D269007402F0 /* MAMapKit.framework */,
			);
			name = FrameWorks;
			path = AMapDemo;
			sourceTree = "<group>";
		};
/* End PBXGroup section */

/* Begin PBXNativeTarget section */
		D4080BED1B68CD6A007402F0 /* AMapDemo */ = {
			isa = PBXNativeTarget;
			buildConfigurationList = D4080C111B68CD6B007402F0 /* Build configuration list for PBXNativeTarget "AMapDemo" */;
			buildPhases = (
				D4080BEA1B68CD6A007402F0 /* Sources */,
				D4080BEB1B68CD6A007402F0 /* Frameworks */,
				D4080BEC1B68CD6A007402F0 /* Resources */,
			);
			buildRules = (
			);
			dependencies = (
			);
			name = AMapDemo;
			productName = AMapDemo;
			productReference = D4080BEE1B68CD6A007402F0 /* AMapDemo.app */;
			productType = "com.apple.product-type.application";
		};
		D4080C061B68CD6B007402F0 /* AMapDemoTests */ = {
			isa = PBXNativeTarget;
			buildConfigurationList = D4080C141B68CD6B007402F0 /* Build configuration list for PBXNativeTarget "AMapDemoTests" */;
			buildPhases = (
				D4080C031B68CD6B007402F0 /* Sources */,
				D4080C041B68CD6B007402F0 /* Frameworks */,
				D4080C051B68CD6B007402F0 /* Resources */,
			);
			buildRules = (
			);
			dependencies = (
				D4080C091B68CD6B007402F0 /* PBXTargetDependency */,
			);
			name = AMapDemoTests;
			productName = AMapDemoTests;
			productReference = D4080C071B68CD6B007402F0 /* AMapDemoTests.xctest */;
			productType = "com.apple.product-type.bundle.unit-test";
		};
/* End PBXNativeTarget section */

/* Begin PBXProject section */
		D4080BE61B68CD6A007402F0 /* Project object */ = {
			isa = PBXProject;
			attributes = {
				LastUpgradeCheck = 0640;
				ORGANIZATIONNAME = "上海理想信息有限公司";
				TargetAttributes = {
					D4080BED1B68CD6A007402F0 = {
						CreatedOnToolsVersion = 6.4;
					};
					D4080C061B68CD6B007402F0 = {
						CreatedOnToolsVersion = 6.4;
						TestTargetID = D4080BED1B68CD6A007402F0;
					};
				};
			};
			buildConfigurationList = D4080BE91B68CD6A007402F0 /* Build configuration list for PBXProject "AMapDemo" */;
			compatibilityVersion = "Xcode 3.2";
			developmentRegion = English;
			hasScannedForEncodings = 0;
			knownRegions = (
				en,
				Base,
			);
			mainGroup = D4080BE51B68CD6A007402F0;
			productRefGroup = D4080BEF1B68CD6A007402F0 /* Products */;
			projectDirPath = "";
			projectRoot = "";
			targets = (
				D4080BED1B68CD6A007402F0 /* AMapDemo */,
				D4080C061B68CD6B007402F0 /* AMapDemoTests */,
			);
		};
/* End PBXProject section */

/* Begin PBXResourcesBuildPhase section */
		D4080BEC1B68CD6A007402F0 /* Resources */ = {
			isa = PBXResourcesBuildPhase;
			buildActionMask = 2147483647;
			files = (
				D4080BFD1B68CD6A007402F0 /* Main.storyboard in Resources */,
				D4080C021B68CD6A007402F0 /* LaunchScreen.xib in Resources */,
				D4080C2F1B68D782007402F0 /* AMap.bundle in Resources */,
				D4080BFF1B68CD6A007402F0 /* Images.xcassets in Resources */,
			);
			runOnlyForDeploymentPostprocessing = 0;
		};
		D4080C051B68CD6B007402F0 /* Resources */ = {
			isa = PBXResourcesBuildPhase;
			buildActionMask = 2147483647;
			files = (
			);
			runOnlyForDeploymentPostprocessing = 0;
		};
/* End PBXResourcesBuildPhase section */

/* Begin PBXSourcesBuildPhase section */
		D4080BEA1B68CD6A007402F0 /* Sources */ = {
			isa = PBXSourcesBuildPhase;
			buildActionMask = 2147483647;
			files = (
				D4080BFA1B68CD6A007402F0 /* ViewController.m in Sources */,
				D4080BF71B68CD6A007402F0 /* AppDelegate.m in Sources */,
				D4080BF41B68CD6A007402F0 /* main.m in Sources */,
			);
			runOnlyForDeploymentPostprocessing = 0;
		};
		D4080C031B68CD6B007402F0 /* Sources */ = {
			isa = PBXSourcesBuildPhase;
			buildActionMask = 2147483647;
			files = (
				D4080C0E1B68CD6B007402F0 /* AMapDemoTests.m in Sources */,
			);
			runOnlyForDeploymentPostprocessing = 0;
		};
/* End PBXSourcesBuildPhase section */

/* Begin PBXTargetDependency section */
		D4080C091B68CD6B007402F0 /* PBXTargetDependency */ = {
			isa = PBXTargetDependency;
			target = D4080BED1B68CD6A007402F0 /* AMapDemo */;
			targetProxy = D4080C081B68CD6B007402F0 /* PBXContainerItemProxy */;
		};
/* End PBXTargetDependency section */

/* Begin PBXVariantGroup section */
		D4080BFB1B68CD6A007402F0 /* Main.storyboard */ = {
			isa = PBXVariantGroup;
			children = (
				D4080BFC1B68CD6A007402F0 /* Base */,
			);
			name = Main.storyboard;
			sourceTree = "<group>";
		};
		D4080C001B68CD6A007402F0 /* LaunchScreen.xib */ = {
			isa = PBXVariantGroup;
			children = (
				D4080C011B68CD6A007402F0 /* Base */,
			);
			name = LaunchScreen.xib;
			sourceTree = "<group>";
		};
/* End PBXVariantGroup section */

/* Begin XCBuildConfiguration section */
		D4080C0F1B68CD6B007402F0 /* Debug */ = {
			isa = XCBuildConfiguration;
			buildSettings = {
				ALWAYS_SEARCH_USER_PATHS = NO;
				CLANG_CXX_LANGUAGE_STANDARD = "gnu++0x";
				CLANG_CXX_LIBRARY = "libc++";
				CLANG_ENABLE_MODULES = YES;
				CLANG_ENABLE_OBJC_ARC = YES;
				CLANG_WARN_BOOL_CONVERSION = YES;
				CLANG_WARN_CONSTANT_CONVERSION = YES;
				CLANG_WARN_DIRECT_OBJC_ISA_USAGE = YES_ERROR;
				CLANG_WARN_EMPTY_BODY = YES;
				CLANG_WARN_ENUM_CONVERSION = YES;
				CLANG_WARN_INT_CONVERSION = YES;
				CLANG_WARN_OBJC_ROOT_CLASS = YES_ERROR;
				CLANG_WARN_UNREACHABLE_CODE = YES;
				CLANG_WARN__DUPLICATE_METHOD_MATCH = YES;
				"CODE_SIGN_IDENTITY[sdk=iphoneos*]" = "iPhone Developer";
				COPY_PHASE_STRIP = NO;
				DEBUG_INFORMATION_FORMAT = "dwarf-with-dsym";
				ENABLE_STRICT_OBJC_MSGSEND = YES;
				GCC_C_LANGUAGE_STANDARD = gnu99;
				GCC_DYNAMIC_NO_PIC = NO;
				GCC_NO_COMMON_BLOCKS = YES;
				GCC_OPTIMIZATION_LEVEL = 0;
				GCC_PREPROCESSOR_DEFINITIONS = (
					"DEBUG=1",
					"$(inherited)",
				);
				GCC_SYMBOLS_PRIVATE_EXTERN = NO;
				GCC_WARN_64_TO_32_BIT_CONVERSION = YES;
				GCC_WARN_ABOUT_RETURN_TYPE = YES_ERROR;
				GCC_WARN_UNDECLARED_SELECTOR = YES;
				GCC_WARN_UNINITIALIZED_AUTOS = YES_AGGRESSIVE;
				GCC_WARN_UNUSED_FUNCTION = YES;
				GCC_WARN_UNUSED_VARIABLE = YES;
				IPHONEOS_DEPLOYMENT_TARGET = 8.4;
				MTL_ENABLE_DEBUG_INFO = YES;
				ONLY_ACTIVE_ARCH = YES;
				SDKROOT = iphoneos;
			};
			name = Debug;
		};
		D4080C101B68CD6B007402F0 /* Release */ = {
			isa = XCBuildConfiguration;
			buildSettings = {
				ALWAYS_SEARCH_USER_PATHS = NO;
				CLANG_CXX_LANGUAGE_STANDARD = "gnu++0x";
				CLANG_CXX_LIBRARY = "libc++";
				CLANG_ENABLE_MODULES = YES;
				CLANG_ENABLE_OBJC_ARC = YES;
				CLANG_WARN_BOOL_CONVERSION = YES;
				CLANG_WARN_CONSTANT_CONVERSION = YES;
				CLANG_WARN_DIRECT_OBJC_ISA_USAGE = YES_ERROR;
				CLANG_WARN_EMPTY_BODY = YES;
				CLANG_WARN_ENUM_CONVERSION = YES;
				CLANG_WARN_INT_CONVERSION = YES;
				CLANG_WARN_OBJC_ROOT_CLASS = YES_ERROR;
				CLANG_WARN_UNREACHABLE_CODE = YES;
				CLANG_WARN__DUPLICATE_METHOD_MATCH = YES;
				"CODE_SIGN_IDENTITY[sdk=iphoneos*]" = "iPhone Developer";
				COPY_PHASE_STRIP = NO;
				DEBUG_INFORMATION_FORMAT = "dwarf-with-dsym";
				ENABLE_NS_ASSERTIONS = NO;
				ENABLE_STRICT_OBJC_MSGSEND = YES;
				GCC_C_LANGUAGE_STANDARD = gnu99;
				GCC_NO_COMMON_BLOCKS = YES;
				GCC_WARN_64_TO_32_BIT_CONVERSION = YES;
				GCC_WARN_ABOUT_RETURN_TYPE = YES_ERROR;
				GCC_WARN_UNDECLARED_SELECTOR = YES;
				GCC_WARN_UNINITIALIZED_AUTOS = YES_AGGRESSIVE;
				GCC_WARN_UNUSED_FUNCTION = YES;
				GCC_WARN_UNUSED_VARIABLE = YES;
				IPHONEOS_DEPLOYMENT_TARGET = 8.4;
				MTL_ENABLE_DEBUG_INFO = NO;
				SDKROOT = iphoneos;
				VALIDATE_PRODUCT = YES;
			};
			name = Release;
		};
		D4080C121B68CD6B007402F0 /* Debug */ = {
			isa = XCBuildConfiguration;
			buildSettings = {
				ASSETCATALOG_COMPILER_APPICON_NAME = AppIcon;
				FRAMEWORK_SEARCH_PATHS = "$(PROJECT_DIR)";
				INFOPLIST_FILE = AMapDemo/Info.plist;
				IPHONEOS_DEPLOYMENT_TARGET = 7.0;
				LD_RUNPATH_SEARCH_PATHS = "@executable_path/Frameworks";
				ONLY_ACTIVE_ARCH = YES;
				PRODUCT_NAME = "$(TARGET_NAME)";
			};
			name = Debug;
		};
		D4080C131B68CD6B007402F0 /* Release */ = {
			isa = XCBuildConfiguration;
			buildSettings = {
				ASSETCATALOG_COMPILER_APPICON_NAME = AppIcon;
				FRAMEWORK_SEARCH_PATHS = "$(PROJECT_DIR)";
				INFOPLIST_FILE = AMapDemo/Info.plist;
				IPHONEOS_DEPLOYMENT_TARGET = 7.0;
				LD_RUNPATH_SEARCH_PATHS = "@executable_path/Frameworks";
				PRODUCT_NAME = "$(TARGET_NAME)";
			};
			name = Release;
		};
		D4080C151B68CD6B007402F0 /* Debug */ = {
			isa = XCBuildConfiguration;
			buildSettings = {
				BUNDLE_LOADER = "$(TEST_HOST)";
				FRAMEWORK_SEARCH_PATHS = (
					"$(SDKROOT)/Developer/Library/Frameworks",
					"$(inherited)",
				);
				GCC_PREPROCESSOR_DEFINITIONS = (
					"DEBUG=1",
					"$(inherited)",
				);
				INFOPLIST_FILE = AMapDemoTests/Info.plist;
				LD_RUNPATH_SEARCH_PATHS = "$(inherited) @executable_path/Frameworks @loader_path/Frameworks";
				PRODUCT_NAME = "$(TARGET_NAME)";
				TEST_HOST = "$(BUILT_PRODUCTS_DIR)/AMapDemo.app/AMapDemo";
			};
			name = Debug;
		};
		D4080C161B68CD6B007402F0 /* Release */ = {
			isa = XCBuildConfiguration;
			buildSettings = {
				BUNDLE_LOADER = "$(TEST_HOST)";
				FRAMEWORK_SEARCH_PATHS = (
					"$(SDKROOT)/Developer/Library/Frameworks",
					"$(inherited)",
				);
				INFOPLIST_FILE = AMapDemoTests/Info.plist;
				LD_RUNPATH_SEARCH_PATHS = "$(inherited) @executable_path/Frameworks @loader_path/Frameworks";
				PRODUCT_NAME = "$(TARGET_NAME)";
				TEST_HOST = "$(BUILT_PRODUCTS_DIR)/AMapDemo.app/AMapDemo";
			};
			name = Release;
		};
/* End XCBuildConfiguration section */

/* Begin XCConfigurationList section */
		D4080BE91B68CD6A007402F0 /* Build configuration list for PBXProject "AMapDemo" */ = {
			isa = XCConfigurationList;
			buildConfigurations = (
				D4080C0F1B68CD6B007402F0 /* Debug */,
				D4080C101B68CD6B007402F0 /* Release */,
			);
			defaultConfigurationIsVisible = 0;
			defaultConfigurationName = Release;
		};
		D4080C111B68CD6B007402F0 /* Build configuration list for PBXNativeTarget "AMapDemo" */ = {
			isa = XCConfigurationList;
			buildConfigurations = (
				D4080C121B68CD6B007402F0 /* Debug */,
				D4080C131B68CD6B007402F0 /* Release */,
			);
			defaultConfigurationIsVisible = 0;
			defaultConfigurationName = Release;
		};
		D4080C141B68CD6B007402F0 /* Build configuration list for PBXNativeTarget "AMapDemoTests" */ = {
			isa = XCConfigurationList;
			buildConfigurations = (
				D4080C151B68CD6B007402F0 /* Debug */,
				D4080C161B68CD6B007402F0 /* Release */,
			);
			defaultConfigurationIsVisible = 0;
			defaultConfigurationName = Release;
		};
/* End XCConfigurationList section */
	};
	rootObject = D4080BE61B68CD6A007402F0 /* Project object */;
}
